
Microsoft Visual Studio Solution File, Format Version 12.00
# Visual Studio Version 16
VisualStudioVersion = 16.0.29209.62
MinimumVisualStudioVersion = 10.0.40219.1
Project("{FAE04EC0-301F-11D3-BF4B-00C04F79EFBC}") = "WebAppFSIS_", "WebAppFSIS_\WebAppFSIS_.csproj", "{5BD654A3-AC74-446B-97A7-54B0E936EB06}"
EndProject
Global
	GlobalSection(SolutionConfigurationPlatforms) = preSolution
		Debug|Any CPU = Debug|Any CPU
		Release|Any CPU = Release|Any CPU
	EndGlobalSection
	GlobalSection(ProjectConfigurationPlatforms) = postSolution
		{5BD654A3-AC74-446B-97A7-54B0E936EB06}.Debug|Any CPU.ActiveCfg = Debug|Any CPU
		{5BD654A3-AC74-446B-97A7-54B0E936EB06}.Debug|Any CPU.Build.0 = Debug|Any CPU
		{5BD654A3-AC74-446B-97A7-54B0E936EB06}.Release|Any CPU.ActiveCfg = Release|Any CPU
		{5BD654A3-AC74-446B-97A7-54B0E936EB06}.Release|Any CPU.Build.0 = Release|Any CPU
	EndGlobalSection
	GlobalSection(SolutionProperties) = preSolution
		HideSolutionNode = FALSE
	EndGlobalSection
	GlobalSection(ExtensibilityGlobals) = postSolution
		SolutionGuid = {53EE666B-1692-43E1-8EEB-C2FEB4903276}
	EndGlobalSection
EndGlobal
